
Microsoft Visual Studio Solution File, Format Version 12.00
# Visual Studio Version 17
VisualStudioVersion = 17.2.32630.192
MinimumVisualStudioVersion = 10.0.40219.1
Project("{FAE04EC0-301F-11D3-BF4B-00C04F79EFBC}") = "FloralMobileApp.Android", "FloralMobileApp\FloralMobileApp.Android\FloralMobileApp.Android.csproj", "{748ECEA7-B606-47E4-9798-85514263ED85}"
EndProject
Project("{FAE04EC0-301F-11D3-BF4B-00C04F79EFBC}") = "FloralMobileApp", "FloralMobileApp\FloralMobileApp\FloralMobileApp.csproj", "{D5E5068D-1A5E-4035-A06C-BC045E6528FB}"
EndProject
Global
	GlobalSection(SolutionConfigurationPlatforms) = preSolution
		Debug|Any CPU = Debug|Any CPU
		Release|Any CPU = Release|Any CPU
	EndGlobalSection
	GlobalSection(ProjectConfigurationPlatforms) = postSolution
		{748ECEA7-B606-47E4-9798-85514263ED85}.Debug|Any CPU.ActiveCfg = Debug|Any CPU
		{748ECEA7-B606-47E4-9798-85514263ED85}.Debug|Any CPU.Build.0 = Debug|Any CPU
		{748ECEA7-B606-47E4-9798-85514263ED85}.Debug|Any CPU.Deploy.0 = Debug|Any CPU
		{748ECEA7-B606-47E4-9798-85514263ED85}.Release|Any CPU.ActiveCfg = Release|Any CPU
		{748ECEA7-B606-47E4-9798-85514263ED85}.Release|Any CPU.Build.0 = Release|Any CPU
		{748ECEA7-B606-47E4-9798-85514263ED85}.Release|Any CPU.Deploy.0 = Release|Any CPU
		{D5E5068D-1A5E-4035-A06C-BC045E6528FB}.Debug|Any CPU.ActiveCfg = Debug|Any CPU
		{D5E5068D-1A5E-4035-A06C-BC045E6528FB}.Debug|Any CPU.Build.0 = Debug|Any CPU
		{D5E5068D-1A5E-4035-A06C-BC045E6528FB}.Debug|Any CPU.Deploy.0 = Debug|Any CPU
		{D5E5068D-1A5E-4035-A06C-BC045E6528FB}.Release|Any CPU.ActiveCfg = Release|Any CPU
		{D5E5068D-1A5E-4035-A06C-BC045E6528FB}.Release|Any CPU.Build.0 = Release|Any CPU
		{D5E5068D-1A5E-4035-A06C-BC045E6528FB}.Release|Any CPU.Deploy.0 = Release|Any CPU
	EndGlobalSection
	GlobalSection(SolutionProperties) = preSolution
		HideSolutionNode = FALSE
	EndGlobalSection
	GlobalSection(ExtensibilityGlobals) = postSolution
		SolutionGuid = {37C7E837-74C6-43F6-8E06-838FD46CE847}
	EndGlobalSection
EndGlobal
